<?xml version="1.0" encoding="utf-8"?>
<Project ToolsVersion="4.0" xmlns="http://schemas.microsoft.com/developer/msbuild/2003">
  <ItemGroup>
    <ClCompile Include="HarvbotArm.cpp" />
    <ClCompile Include="HarvbotArm2.cpp" />
    <ClCompile Include="HarvbotArmAccelStepperCircleNode.cpp" />
    <ClCompile Include="HarvbotArmAccelStepperScrewNode.cpp" />
    <ClCompile Include="HarvbotArmCircleNode.cpp" />
    <ClCompile Include="HarvbotArmFactory.cpp" />
    <ClCompile Include="HarvbotArmNode.cpp" />
    <ClCompile Include="HarvbotArmProtocol.cpp" />
    <ClCompile Include="HarvbotArmScrewNode.cpp" />
    <ClCompile Include="HarvbotArmSerialProtocol.cpp" />
    <ClCompile Include="main.cpp" />
    <ClCompile Include="AccelStepper\AccelStepper.cpp" />
  </ItemGroup>
  <ItemGroup>
    <ClInclude Include="HarvbotArm.h" />
    <ClInclude Include="HarvbotArm2.h" />
    <ClInclude Include="HarvbotArmAccelStepperCircleNode.h" />
    <ClInclude Include="HarvbotArmAccelStepperScrewNode.h" />
    <ClInclude Include="HarvbotArmCircleNode.h" />
    <ClInclude Include="HarvbotArmConstants.h" />
    <ClInclude Include="HarvbotArmFactory.h" />
    <ClInclude Include="HarvbotArmNode.h" />
    <ClInclude Include="HarvbotArmProtocol.h" />
    <ClInclude Include="HarvbotArmScrewNode.h" />
    <ClInclude Include="HarvbotArmSerialProtocol.h" />
    <ClInclude Include="AccelStepper\AccelStepper.h" />
  </ItemGroup>
</Project>