<?xml version="1.0" encoding="utf-8"?>
<Project ToolsVersion="4.0" xmlns="http://schemas.microsoft.com/developer/msbuild/2003">
  <ItemGroup>
    <ClCompile Include="HarvbotArm.cpp" />
    <ClCompile Include="HarvbotArm2.cpp" />
    <ClCompile Include="HarvbotArmFactory.cpp" />
    <ClCompile Include="main.cpp" />
    <ClCompile Include="Steppers\HarvbotStepper.cpp" />
    <ClCompile Include="Steppers\HarvbotTerminableStepper.cpp" />
    <ClCompile Include="Nodes\HarvbotArmCircleNode.cpp" />
    <ClCompile Include="Nodes\HarvbotArmNode.cpp" />
    <ClCompile Include="Nodes\HarvbotArmScrewNode.cpp" />
    <ClCompile Include="Nodes\HarvbotArmStepperCircleNode.cpp" />
    <ClCompile Include="Nodes\HarvbotArmStepperScrewNode.cpp" />
    <ClCompile Include="Protocols\HarvbotArmSerialProtocol.cpp" />
    <ClCompile Include="Protocols\HarvbotArmProtocol.cpp" />
    <ClCompile Include="LaserRangefinder\HarvbotRangefinder.cpp" />
    <ClCompile Include="Steppers\Stoppers\HarvbotStepperStopper.cpp" />
    <ClCompile Include="Steppers\Stoppers\HarvbotTerminalStopper.cpp" />
    <ClCompile Include="Visualization\HarvbotArm2StateVisualizer.cpp" />
    <ClCompile Include="Accelerometers\ADXL345.cpp" />
    <ClCompile Include="Accelerometers\ADXL345PiSPI.cpp" />
  </ItemGroup>
  <ItemGroup>
    <ClInclude Include="HarvbotArm.h" />
    <ClInclude Include="HarvbotArm2.h" />
    <ClInclude Include="HarvbotArmConstants.h" />
    <ClInclude Include="HarvbotArmFactory.h" />
    <ClInclude Include="Steppers\HarvbotStepper.h" />
    <ClInclude Include="Steppers\HarvbotTerminableStepper.h" />
    <ClInclude Include="Nodes\HarvbotArmCircleNode.h" />
    <ClInclude Include="Nodes\HarvbotArmNode.h" />
    <ClInclude Include="Nodes\HarvbotArmScrewNode.h" />
    <ClInclude Include="Nodes\HarvbotArmStepperCircleNode.h" />
    <ClInclude Include="Nodes\HarvbotArmStepperScrewNode.h" />
    <ClInclude Include="Protocols\HarvbotArmProtocol.h" />
    <ClInclude Include="Protocols\HarvbotArmSerialProtocol.h" />
    <ClInclude Include="LaserRangefinder\HarvbotRangefinder.h" />
    <ClInclude Include="Spatial\HarvbotPoint.h" />
    <ClInclude Include="Steppers\Stoppers\HarvbotStepperStopper.h" />
    <ClInclude Include="Steppers\Stoppers\HarvbotTerminalStopper.h" />
    <ClInclude Include="Visualization\HarvbotArm2StateVisualizer.h" />
    <ClInclude Include="Accelerometers\ADXL345.hpp" />
    <ClInclude Include="Accelerometers\ADXL345PiSPI.hpp" />
  </ItemGroup>
</Project>