<?xml version="1.0" encoding="utf-8"?>
<Project ToolsVersion="4.0" xmlns="http://schemas.microsoft.com/developer/msbuild/2003">
  <ItemGroup>
    <ClCompile Include="HarvbotArm.cpp" />
    <ClCompile Include="HarvbotArm2.cpp" />
    <ClCompile Include="HarvbotArmFactory.cpp" />
    <ClCompile Include="main.cpp" />
    <ClCompile Include="Steppers\HarvbotStepper.cpp" />
    <ClCompile Include="Steppers\HarvbotTerminableStepper.cpp" />
    <ClCompile Include="Nodes\HarvbotArmCircleNode.cpp" />
    <ClCompile Include="Nodes\HarvbotArmNode.cpp" />
    <ClCompile Include="Nodes\HarvbotArmScrewNode.cpp" />
    <ClCompile Include="Nodes\HarvbotArmStepperCircleNode.cpp" />
    <ClCompile Include="Nodes\HarvbotArmStepperScrewNode.cpp" />
    <ClCompile Include="Steppers\Stoppers\HarvbotStepperStopper.cpp" />
    <ClCompile Include="Steppers\Stoppers\HarvbotTerminalStopper.cpp" />
    <ClCompile Include="Visualization\HarvbotArm2StateVisualizer.cpp" />
    <ClCompile Include="Native\RF24\utility\wiringPi\spi.cpp" />
    <ClCompile Include="Native\RF24\RF24.cpp" />
    <ClCompile Include="Native\ADXL345Pi.cpp" />
    <ClCompile Include="Native\VL53L0XPi.cpp" />
    <ClCompile Include="Rangefinder\HarvbotLaser.cpp" />
    <ClCompile Include="Rangefinder\HarvbotLaserRangefinder.cpp" />
    <ClCompile Include="Rangefinder\HarvbotRangefinder.cpp" />
    <ClCompile Include="Rangefinder\HarvbotVL53L0XRangefinder.cpp" />
    <ClCompile Include="Accelerometers\HarvbotAccelerometer.cpp" />
    <ClCompile Include="Accelerometers\HarvbotADXL345PiI2CAccelerometer.cpp" />
    <ClCompile Include="HarvbotGripper.cpp" />
    <ClCompile Include="HarvbotArm2Gripper.cpp" />
    <ClCompile Include="Cameras\HarvbotCamera.cpp" />
    <ClCompile Include="Cameras\HarvbotFrame.cpp" />
    <ClCompile Include="Cameras\HarvbotOpenCvFrame.cpp" />
    <ClCompile Include="Cameras\HarvbotOpenCvCamera.cpp" />
    <ClCompile Include="Recognition\HarvbotRecognizer.cpp" />
    <ClCompile Include="Recognition\HarvbotOpenCvColorRecognizer.cpp" />
    <ClCompile Include="HarvbotGripperObserver.cpp" />
    <ClCompile Include="HarvbotArm2GripperBacketObserver.cpp" />
  </ItemGroup>
  <ItemGroup>
    <ClInclude Include="HarvbotArm.h" />
    <ClInclude Include="HarvbotArm2.h" />
    <ClInclude Include="HarvbotArmConstants.h" />
    <ClInclude Include="HarvbotArmFactory.h" />
    <ClInclude Include="Steppers\HarvbotStepper.h" />
    <ClInclude Include="Steppers\HarvbotTerminableStepper.h" />
    <ClInclude Include="Nodes\HarvbotArmCircleNode.h" />
    <ClInclude Include="Nodes\HarvbotArmNode.h" />
    <ClInclude Include="Nodes\HarvbotArmStepperCircleNode.h" />
    <ClInclude Include="Nodes\HarvbotArmStepperScrewNode.h" />
    <ClInclude Include="Spatial\HarvbotPoint.h" />
    <ClInclude Include="Steppers\Stoppers\HarvbotStepperStopper.h" />
    <ClInclude Include="Steppers\Stoppers\HarvbotTerminalStopper.h" />
    <ClInclude Include="Visualization\HarvbotArm2StateVisualizer.h" />
    <ClInclude Include="Native\RF24\utility\wiringPi\includes.h" />
    <ClInclude Include="Native\RF24\utility\wiringPi\RF24_arch_config.h" />
    <ClInclude Include="Native\RF24\utility\wiringPi\spi.h" />
    <ClInclude Include="Native\RF24\utility\includes.h" />
    <ClInclude Include="Native\RF24\nRF24L01.h" />
    <ClInclude Include="Native\RF24\printf.h" />
    <ClInclude Include="Native\RF24\RF24.h" />
    <ClInclude Include="Native\RF24\RF24_config.h" />
    <ClInclude Include="Native\ADXL345Pi.h" />
    <ClInclude Include="Native\VL53L0X_defines.hpp" />
    <ClInclude Include="Native\VL53L0XPi.hpp" />
    <ClInclude Include="Rangefinder\HarvbotLaser.h" />
    <ClInclude Include="Rangefinder\HarvbotLaserRangefinder.h" />
    <ClInclude Include="Rangefinder\HarvbotRangefinder.h" />
    <ClInclude Include="Rangefinder\HarvbotVL53L0XRangefinder.h" />
    <ClInclude Include="Accelerometers\HarvbotAccelData.h" />
    <ClInclude Include="Accelerometers\HarvbotAccelerometer.h" />
    <ClInclude Include="Accelerometers\HarvbotADXL345PiI2CAccelerometer.h" />
    <ClInclude Include="HarvbotGripper.h" />
    <ClInclude Include="HarvbotArm2Gripper.h" />
    <ClInclude Include="Cameras\HarvbotCamera.h" />
    <ClInclude Include="Cameras\HarvbotFrame.h" />
    <ClInclude Include="Cameras\HarvbotOpenCvFrame.h" />
    <ClInclude Include="Cameras\HarvbotOpenCvCamera.h" />
    <ClInclude Include="Recognition\HarvbotRecognizer.h" />
    <ClInclude Include="Spatial\HarvbotRect.h" />
    <ClInclude Include="Recognition\HarvbotOpenCvColorRecognizer.h" />
    <ClInclude Include="HarvbotGripperObserver.h" />
    <ClInclude Include="HarvbotArm2GripperBacketObserver.h" />
    <ClInclude Include="Nodes\HarvbotArmScrewNode.h" />
  </ItemGroup>
</Project>